{
  "name": "typeclass-ts",
  "version": "0.1.1-alpha",
  "lockfileVersion": 1,
  "requires": true,
  "dependencies": {
    "type-zoo": {
      "version": "3.1.1",
      "resolved": "https://registry.npmjs.org/type-zoo/-/type-zoo-3.1.1.tgz",
      "integrity": "sha512-AKsxREanUWF4B5I7j8anFqG3pCXxVqvmiY3sgf78hvhpuT2bfdaM2RvMTDChPG5uNdefFGH2441saBI0bhjzyw==",
      "dev": true
    },
    "typescript": {
      "version": "3.1.1",
      "resolved": "https://registry.npmjs.org/typescript/-/typescript-3.1.1.tgz",
      "integrity": "sha512-Veu0w4dTc/9wlWNf2jeRInNodKlcdLgemvPsrNpfu5Pq39sgfFjvIIgTsvUHCoLBnMhPoUA+tFxsXjU6VexVRQ==",
      "dev": true
    }
  }
}
