{
  "name": "typeclass-ts",
  "version": "1.0.0",
  "lockfileVersion": 1,
  "requires": true,
  "dependencies": {
    "type-zoo": {
      "version": "3.1.1",
      "resolved": "https://registry.npmjs.org/type-zoo/-/type-zoo-3.1.1.tgz",
      "integrity": "sha512-AKsxREanUWF4B5I7j8anFqG3pCXxVqvmiY3sgf78hvhpuT2bfdaM2RvMTDChPG5uNdefFGH2441saBI0bhjzyw==",
      "dev": true
    },
    "typescript": {
      "version": "3.0.3",
      "resolved": "https://registry.npmjs.org/typescript/-/typescript-3.0.3.tgz",
      "integrity": "sha512-kk80vLW9iGtjMnIv11qyxLqZm20UklzuR2tL0QAnDIygIUIemcZMxlMWudl9OOt76H3ntVzcTiddQ1/pAAJMYg==",
      "dev": true
    }
  }
}
